{
  "requires": true,
  "lockfileVersion": 1,
  "dependencies": {
    "nosleep.js": {
      "version": "0.11.0",
      "resolved": "https://registry.npmjs.org/nosleep.js/-/nosleep.js-0.11.0.tgz",
      "integrity": "sha512-Ewb7YpPJ6t1IAiMoXM5vWBMomqVFD0wUXXzUfE+kGftXxXFXqLPV3Aq6Iggxxm568tMVptrlXLw5BPMzEgOK6A=="
    }
  }
}
